{
    "_meta": {
        "hash": {
            "sha256": "b0f5a4732b3919a198282f6c39b63b6bd82498b967f92a52ebf1857b193e83b7"
        },
        "pipfile-spec": 6,
        "requires": {
            "python_version": "3.8"
        },
        "sources": [
            {
                "name": "pypi",
                "url": "https://pypi.org/simple",
                "verify_ssl": true
            }
        ]
    },
    "default": {
        "urwid": {
            "hashes": [
                "sha256:588bee9c1cb208d0906a9f73c613d2bd32c3ed3702012f51efe318a3f2127eae"
            ],
            "index": "pypi",
            "version": "==2.1.2"
        },
        "windows-curses": {
            "hashes": [
                "sha256:1452d771ec6f9b3fef037da2b169196a9a12be4e86a6c27dd579adac70c42028",
                "sha256:267544e4f60c09af6505e50a69d7f01d7f8a281cf4bd4fc7efc3b32b9a4ef64e",
                "sha256:389228a3df556102e72450f599283094168aa82eee189f501ad9f131a0fc92e1",
                "sha256:84336fe470fa07288daec5c684dec74c0766fec6b3511ccedb4c494804acfbb7",
                "sha256:9aa6ff60be76f5de696dc6dbf7897e3b1e6abcf4c0f741e9a0ee22cd6ef382f8",
                "sha256:c4a8ce00e82635f06648cc40d99f470be4e3ffeb84f9f7ae9d6a4f68ec6361e7",
                "sha256:c5cd032bc7d0f03224ab55c925059d98e81795098d59bbd10f7d05c7ea9677ce",
                "sha256:fc0be372fe6da3c39d7093154ce029115a927bf287f34b4c615e2b3f8c23dfaa"
            ],
            "index": "pypi",
            "markers": "sys_platform == 'win32'",
            "version": "==2.2.0"
        }
    },
    "develop": {}
}
